
Microsoft Visual Studio Solution File, Format Version 12.00
# Visual Studio Version 17
VisualStudioVersion = 17.11.35312.102
MinimumVisualStudioVersion = 10.0.40219.1
Project("{9A19103F-16F7-4668-BE54-9A1E7A4F7556}") = "DataAccessLayer", "DataAccessLayer\DataAccessLayer.csproj", "{E9220C78-4956-4B08-9597-E9CBC5729E5E}"
EndProject
Project("{FAE04EC0-301F-11D3-BF4B-00C04F79EFBC}") = "PresentationLayer", "PresentationLayer\PresentationLayer.csproj", "{2DE6809D-23A0-420C-A0A8-6C96064C0474}"
EndProject
Global
	GlobalSection(SolutionConfigurationPlatforms) = preSolution
		Debug|Any CPU = Debug|Any CPU
		Release|Any CPU = Release|Any CPU
	EndGlobalSection
	GlobalSection(ProjectConfigurationPlatforms) = postSolution
		{E9220C78-4956-4B08-9597-E9CBC5729E5E}.Debug|Any CPU.ActiveCfg = Debug|Any CPU
		{E9220C78-4956-4B08-9597-E9CBC5729E5E}.Debug|Any CPU.Build.0 = Debug|Any CPU
		{E9220C78-4956-4B08-9597-E9CBC5729E5E}.Release|Any CPU.ActiveCfg = Release|Any CPU
		{E9220C78-4956-4B08-9597-E9CBC5729E5E}.Release|Any CPU.Build.0 = Release|Any CPU
		{2DE6809D-23A0-420C-A0A8-6C96064C0474}.Debug|Any CPU.ActiveCfg = Debug|Any CPU
		{2DE6809D-23A0-420C-A0A8-6C96064C0474}.Debug|Any CPU.Build.0 = Debug|Any CPU
		{2DE6809D-23A0-420C-A0A8-6C96064C0474}.Release|Any CPU.ActiveCfg = Release|Any CPU
		{2DE6809D-23A0-420C-A0A8-6C96064C0474}.Release|Any CPU.Build.0 = Release|Any CPU
	EndGlobalSection
	GlobalSection(SolutionProperties) = preSolution
		HideSolutionNode = FALSE
	EndGlobalSection
	GlobalSection(ExtensibilityGlobals) = postSolution
		SolutionGuid = {3FDDD401-5747-4C13-A84C-101756714470}
	EndGlobalSection
EndGlobal
